
Microsoft Visual Studio Solution File, Format Version 12.00
# Visual Studio Version 16
VisualStudioVersion = 25.0.1704.0
MinimumVisualStudioVersion = 10.0.40219.1
Project("{FAE04EC0-301F-11D3-BF4B-00C04F79EFBC}") = "DnavarreteS2.Android", "DnavarreteS2\DnavarreteS2.Android\DnavarreteS2.Android.csproj", "{BCDA359D-8156-4735-8B04-5915DE0716F7}"
EndProject
Project("{FAE04EC0-301F-11D3-BF4B-00C04F79EFBC}") = "DnavarreteS2.iOS", "DnavarreteS2\DnavarreteS2.iOS\DnavarreteS2.iOS.csproj", "{89E59968-A83C-462B-8CE5-2564325C74B7}"
EndProject
Project("{FAE04EC0-301F-11D3-BF4B-00C04F79EFBC}") = "DnavarreteS2", "DnavarreteS2\DnavarreteS2\DnavarreteS2.csproj", "{BAEF8F5F-4CC6-448C-AFC3-8248FB186CD7}"
EndProject
Global
	GlobalSection(SolutionConfigurationPlatforms) = preSolution
		Debug|Any CPU = Debug|Any CPU
		Release|Any CPU = Release|Any CPU
		Debug|iPhoneSimulator = Debug|iPhoneSimulator
		Release|iPhoneSimulator = Release|iPhoneSimulator
		Debug|iPhone = Debug|iPhone
		Release|iPhone = Release|iPhone
	EndGlobalSection
	GlobalSection(ProjectConfigurationPlatforms) = postSolution
		{BCDA359D-8156-4735-8B04-5915DE0716F7}.Debug|Any CPU.ActiveCfg = Debug|Any CPU
		{BCDA359D-8156-4735-8B04-5915DE0716F7}.Debug|Any CPU.Build.0 = Debug|Any CPU
		{BCDA359D-8156-4735-8B04-5915DE0716F7}.Release|Any CPU.ActiveCfg = Release|Any CPU
		{BCDA359D-8156-4735-8B04-5915DE0716F7}.Release|Any CPU.Build.0 = Release|Any CPU
		{BCDA359D-8156-4735-8B04-5915DE0716F7}.Debug|iPhoneSimulator.ActiveCfg = Debug|Any CPU
		{BCDA359D-8156-4735-8B04-5915DE0716F7}.Debug|iPhoneSimulator.Build.0 = Debug|Any CPU
		{BCDA359D-8156-4735-8B04-5915DE0716F7}.Release|iPhoneSimulator.ActiveCfg = Release|Any CPU
		{BCDA359D-8156-4735-8B04-5915DE0716F7}.Release|iPhoneSimulator.Build.0 = Release|Any CPU
		{BCDA359D-8156-4735-8B04-5915DE0716F7}.Debug|iPhone.ActiveCfg = Debug|Any CPU
		{BCDA359D-8156-4735-8B04-5915DE0716F7}.Debug|iPhone.Build.0 = Debug|Any CPU
		{BCDA359D-8156-4735-8B04-5915DE0716F7}.Release|iPhone.ActiveCfg = Release|Any CPU
		{BCDA359D-8156-4735-8B04-5915DE0716F7}.Release|iPhone.Build.0 = Release|Any CPU
		{89E59968-A83C-462B-8CE5-2564325C74B7}.Debug|Any CPU.ActiveCfg = Debug|iPhoneSimulator
		{89E59968-A83C-462B-8CE5-2564325C74B7}.Debug|Any CPU.Build.0 = Debug|iPhoneSimulator
		{89E59968-A83C-462B-8CE5-2564325C74B7}.Release|Any CPU.ActiveCfg = Release|iPhoneSimulator
		{89E59968-A83C-462B-8CE5-2564325C74B7}.Release|Any CPU.Build.0 = Release|iPhoneSimulator
		{89E59968-A83C-462B-8CE5-2564325C74B7}.Debug|iPhoneSimulator.ActiveCfg = Debug|iPhoneSimulator
		{89E59968-A83C-462B-8CE5-2564325C74B7}.Debug|iPhoneSimulator.Build.0 = Debug|iPhoneSimulator
		{89E59968-A83C-462B-8CE5-2564325C74B7}.Release|iPhoneSimulator.ActiveCfg = Release|iPhoneSimulator
		{89E59968-A83C-462B-8CE5-2564325C74B7}.Release|iPhoneSimulator.Build.0 = Release|iPhoneSimulator
		{89E59968-A83C-462B-8CE5-2564325C74B7}.Debug|iPhone.ActiveCfg = Debug|iPhone
		{89E59968-A83C-462B-8CE5-2564325C74B7}.Debug|iPhone.Build.0 = Debug|iPhone
		{89E59968-A83C-462B-8CE5-2564325C74B7}.Release|iPhone.ActiveCfg = Release|iPhone
		{89E59968-A83C-462B-8CE5-2564325C74B7}.Release|iPhone.Build.0 = Release|iPhone
		{BAEF8F5F-4CC6-448C-AFC3-8248FB186CD7}.Debug|Any CPU.ActiveCfg = Debug|Any CPU
		{BAEF8F5F-4CC6-448C-AFC3-8248FB186CD7}.Debug|Any CPU.Build.0 = Debug|Any CPU
		{BAEF8F5F-4CC6-448C-AFC3-8248FB186CD7}.Release|Any CPU.ActiveCfg = Release|Any CPU
		{BAEF8F5F-4CC6-448C-AFC3-8248FB186CD7}.Release|Any CPU.Build.0 = Release|Any CPU
		{BAEF8F5F-4CC6-448C-AFC3-8248FB186CD7}.Debug|iPhoneSimulator.ActiveCfg = Debug|Any CPU
		{BAEF8F5F-4CC6-448C-AFC3-8248FB186CD7}.Debug|iPhoneSimulator.Build.0 = Debug|Any CPU
		{BAEF8F5F-4CC6-448C-AFC3-8248FB186CD7}.Release|iPhoneSimulator.ActiveCfg = Release|Any CPU
		{BAEF8F5F-4CC6-448C-AFC3-8248FB186CD7}.Release|iPhoneSimulator.Build.0 = Release|Any CPU
		{BAEF8F5F-4CC6-448C-AFC3-8248FB186CD7}.Debug|iPhone.ActiveCfg = Debug|Any CPU
		{BAEF8F5F-4CC6-448C-AFC3-8248FB186CD7}.Debug|iPhone.Build.0 = Debug|Any CPU
		{BAEF8F5F-4CC6-448C-AFC3-8248FB186CD7}.Release|iPhone.ActiveCfg = Release|Any CPU
		{BAEF8F5F-4CC6-448C-AFC3-8248FB186CD7}.Release|iPhone.Build.0 = Release|Any CPU
	EndGlobalSection
	GlobalSection(SolutionProperties) = preSolution
		HideSolutionNode = FALSE
	EndGlobalSection
	GlobalSection(ExtensibilityGlobals) = postSolution
		SolutionGuid = {C7F680D6-A92D-4E13-AFFE-CE9D9E848FBD}
	EndGlobalSection
EndGlobal
